
Microsoft Visual Studio Solution File, Format Version 12.00
# Visual Studio 2012
Project("{FAE04EC0-301F-11D3-BF4B-00C04F79EFBC}") = "MiniLightLibrary", "MiniLightLibrary\MiniLightLibrary.csproj", "{C33C1298-D1CF-4EDE-ACF2-3237B830BFD4}"
EndProject
Project("{FAE04EC0-301F-11D3-BF4B-00C04F79EFBC}") = "MiniLightLibraryTest", "MiniLightLibraryTest\MiniLightLibraryTest.csproj", "{E21361E2-1B48-4225-BDFB-05CBB54898C8}"
	ProjectSection(ProjectDependencies) = postProject
		{C33C1298-D1CF-4EDE-ACF2-3237B830BFD4} = {C33C1298-D1CF-4EDE-ACF2-3237B830BFD4}
	EndProjectSection
EndProject
Global
	GlobalSection(SolutionConfigurationPlatforms) = preSolution
		Debug|Any CPU = Debug|Any CPU
		Release|Any CPU = Release|Any CPU
	EndGlobalSection
	GlobalSection(ProjectConfigurationPlatforms) = postSolution
		{C33C1298-D1CF-4EDE-ACF2-3237B830BFD4}.Debug|Any CPU.ActiveCfg = Debug|Any CPU
		{C33C1298-D1CF-4EDE-ACF2-3237B830BFD4}.Debug|Any CPU.Build.0 = Debug|Any CPU
		{C33C1298-D1CF-4EDE-ACF2-3237B830BFD4}.Release|Any CPU.ActiveCfg = Release|Any CPU
		{C33C1298-D1CF-4EDE-ACF2-3237B830BFD4}.Release|Any CPU.Build.0 = Release|Any CPU
		{E21361E2-1B48-4225-BDFB-05CBB54898C8}.Debug|Any CPU.ActiveCfg = Debug|Any CPU
		{E21361E2-1B48-4225-BDFB-05CBB54898C8}.Debug|Any CPU.Build.0 = Debug|Any CPU
		{E21361E2-1B48-4225-BDFB-05CBB54898C8}.Release|Any CPU.ActiveCfg = Release|Any CPU
		{E21361E2-1B48-4225-BDFB-05CBB54898C8}.Release|Any CPU.Build.0 = Release|Any CPU
	EndGlobalSection
	GlobalSection(SolutionProperties) = preSolution
		HideSolutionNode = FALSE
	EndGlobalSection
EndGlobal
